// !$*UTF8*$!
{
	archiveVersion = 1;
	classes = {
	};
	objectVersion = 56;
	objects = {

/* Begin PBXBuildFile section */
		6F6DC8242A7305E00052F9E3 /* PhotoPicker.swift in Sources */ = {isa = PBXBuildFile; fileRef = 6F6DC8232A7305E00052F9E3 /* PhotoPicker.swift */; };
		6F6DC8292A7430C80052F9E3 /* Managing.swift in Sources */ = {isa = PBXBuildFile; fileRef = 6F6DC8282A7430C80052F9E3 /* Managing.swift */; };
		6F6DC82B2A7437190052F9E3 /* CreateChamp.swift in Sources */ = {isa = PBXBuildFile; fileRef = 6F6DC82A2A7437190052F9E3 /* CreateChamp.swift */; };
		6F6DC82D2A7976B60052F9E3 /* Created.swift in Sources */ = {isa = PBXBuildFile; fileRef = 6F6DC82C2A7976B60052F9E3 /* Created.swift */; };
		6F6DC8332A7D20550052F9E3 /* ChampInfoView.swift in Sources */ = {isa = PBXBuildFile; fileRef = 6F6DC8322A7D20550052F9E3 /* ChampInfoView.swift */; };
		6F6DC8352A7D332C0052F9E3 /* AddPlayersView.swift in Sources */ = {isa = PBXBuildFile; fileRef = 6F6DC8342A7D332C0052F9E3 /* AddPlayersView.swift */; };
		7BB6182A2A671A480097A3AD /* BeachTennisApp.swift in Sources */ = {isa = PBXBuildFile; fileRef = 7BB618292A671A480097A3AD /* BeachTennisApp.swift */; };
		7BB6182C2A671A480097A3AD /* ContentView.swift in Sources */ = {isa = PBXBuildFile; fileRef = 7BB6182B2A671A480097A3AD /* ContentView.swift */; };
		7BB6182E2A671A490097A3AD /* Assets.xcassets in Resources */ = {isa = PBXBuildFile; fileRef = 7BB6182D2A671A490097A3AD /* Assets.xcassets */; };
		7BB618312A671A490097A3AD /* Preview Assets.xcassets in Resources */ = {isa = PBXBuildFile; fileRef = 7BB618302A671A490097A3AD /* Preview Assets.xcassets */; };
		7BE19E082A7C1FE20086DA10 /* TabBarView.swift in Sources */ = {isa = PBXBuildFile; fileRef = 7BE19E072A7C1FE20086DA10 /* TabBarView.swift */; };
		7BE19E0A2A7C206B0086DA10 /* PlayingView.swift in Sources */ = {isa = PBXBuildFile; fileRef = 7BE19E092A7C206B0086DA10 /* PlayingView.swift */; };
		7BE19E0C2A7C25770086DA10 /* EnterChampionshipView.swift in Sources */ = {isa = PBXBuildFile; fileRef = 7BE19E0B2A7C25770086DA10 /* EnterChampionshipView.swift */; };
		7BE19E0E2A7C2FE30086DA10 /* CustomNumericalKeyboardView.swift in Sources */ = {isa = PBXBuildFile; fileRef = 7BE19E0D2A7C2FE30086DA10 /* CustomNumericalKeyboardView.swift */; };
		7BE19E102A7C301A0086DA10 /* CustomTF.swift in Sources */ = {isa = PBXBuildFile; fileRef = 7BE19E0F2A7C301A0086DA10 /* CustomTF.swift */; };
		7BE19E122A7C39C70086DA10 /* EnterChampionshipDetailsView.swift in Sources */ = {isa = PBXBuildFile; fileRef = 7BE19E112A7C39C70086DA10 /* EnterChampionshipDetailsView.swift */; };
		7BE19E142A7C4A810086DA10 /* ChampionshipDetailsView.swift in Sources */ = {isa = PBXBuildFile; fileRef = 7BE19E132A7C4A810086DA10 /* ChampionshipDetailsView.swift */; };
		7BE19E162A7C65F20086DA10 /* ChampionshipRow.swift in Sources */ = {isa = PBXBuildFile; fileRef = 7BE19E152A7C65F20086DA10 /* ChampionshipRow.swift */; };
		7BE19E192A7D779C0086DA10 /* CloudKitUserBootcamp.swift in Sources */ = {isa = PBXBuildFile; fileRef = 7BE19E182A7D779B0086DA10 /* CloudKitUserBootcamp.swift */; };
		7BE19E1B2A7D77C00086DA10 /* CloudKitCrudBootcamp.swift in Sources */ = {isa = PBXBuildFile; fileRef = 7BE19E1A2A7D77C00086DA10 /* CloudKitCrudBootcamp.swift */; };
		7BE19E1D2A7D77FF0086DA10 /* CloudKitPushNotificationBootcamp.swift in Sources */ = {isa = PBXBuildFile; fileRef = 7BE19E1C2A7D77FF0086DA10 /* CloudKitPushNotificationBootcamp.swift */; };
		7BE19E1F2A7D781A0086DA10 /* CloudKitUtility.swift in Sources */ = {isa = PBXBuildFile; fileRef = 7BE19E1E2A7D781A0086DA10 /* CloudKitUtility.swift */; };
		CE1447AD2A784FA200242F3D /* TournamentTypes.swift in Sources */ = {isa = PBXBuildFile; fileRef = CE1447AC2A784FA200242F3D /* TournamentTypes.swift */; };
		CE1447AF2A797B7600242F3D /* GameState.swift in Sources */ = {isa = PBXBuildFile; fileRef = CE1447AE2A797B7600242F3D /* GameState.swift */; };
		CE1447B42A81831800242F3D /* PlayerCell.swift in Sources */ = {isa = PBXBuildFile; fileRef = CE1447B32A81831800242F3D /* PlayerCell.swift */; };
		CE509F642A6EFF2200E65ECE /* Tournament.swift in Sources */ = {isa = PBXBuildFile; fileRef = CE509F632A6EFF2200E65ECE /* Tournament.swift */; };
		CE509F662A6F042100E65ECE /* User.swift in Sources */ = {isa = PBXBuildFile; fileRef = CE509F652A6F042100E65ECE /* User.swift */; };
		CE509F682A6F056100E65ECE /* Node.swift in Sources */ = {isa = PBXBuildFile; fileRef = CE509F672A6F056100E65ECE /* Node.swift */; };
		CE509F6A2A6F097400E65ECE /* Court.swift in Sources */ = {isa = PBXBuildFile; fileRef = CE509F692A6F097400E65ECE /* Court.swift */; };
		CEE1D2C32A71980B0074F383 /* Collections in Frameworks */ = {isa = PBXBuildFile; productRef = CEE1D2C22A71980B0074F383 /* Collections */; };
		CEE1D2C52A71980B0074F383 /* DequeModule in Frameworks */ = {isa = PBXBuildFile; productRef = CEE1D2C42A71980B0074F383 /* DequeModule */; };
		CEE1D2C72A71980B0074F383 /* OrderedCollections in Frameworks */ = {isa = PBXBuildFile; productRef = CEE1D2C62A71980B0074F383 /* OrderedCollections */; };
		CEE1D2C92A744AA40074F383 /* Team.swift in Sources */ = {isa = PBXBuildFile; fileRef = CEE1D2C82A744AA40074F383 /* Team.swift */; };
/* End PBXBuildFile section */

/* Begin PBXFileReference section */
		6F6DC8232A7305E00052F9E3 /* PhotoPicker.swift */ = {isa = PBXFileReference; lastKnownFileType = sourcecode.swift; path = PhotoPicker.swift; sourceTree = SOURCE_ROOT; };
		6F6DC8282A7430C80052F9E3 /* Managing.swift */ = {isa = PBXFileReference; lastKnownFileType = sourcecode.swift; name = Managing.swift; path = BeachTennis/Managing.swift; sourceTree = SOURCE_ROOT; };
		6F6DC82A2A7437190052F9E3 /* CreateChamp.swift */ = {isa = PBXFileReference; lastKnownFileType = sourcecode.swift; path = CreateChamp.swift; sourceTree = SOURCE_ROOT; };
		6F6DC82C2A7976B60052F9E3 /* Created.swift */ = {isa = PBXFileReference; lastKnownFileType = sourcecode.swift; path = Created.swift; sourceTree = SOURCE_ROOT; };
		6F6DC8322A7D20550052F9E3 /* ChampInfoView.swift */ = {isa = PBXFileReference; lastKnownFileType = sourcecode.swift; path = ChampInfoView.swift; sourceTree = "<group>"; };
		6F6DC8342A7D332C0052F9E3 /* AddPlayersView.swift */ = {isa = PBXFileReference; lastKnownFileType = sourcecode.swift; path = AddPlayersView.swift; sourceTree = "<group>"; };
		7BB618262A671A480097A3AD /* BeachTennis.app */ = {isa = PBXFileReference; explicitFileType = wrapper.application; includeInIndex = 0; path = BeachTennis.app; sourceTree = BUILT_PRODUCTS_DIR; };
		7BB618292A671A480097A3AD /* BeachTennisApp.swift */ = {isa = PBXFileReference; lastKnownFileType = sourcecode.swift; path = BeachTennisApp.swift; sourceTree = "<group>"; };
		7BB6182B2A671A480097A3AD /* ContentView.swift */ = {isa = PBXFileReference; lastKnownFileType = sourcecode.swift; path = ContentView.swift; sourceTree = "<group>"; };
		7BB6182D2A671A490097A3AD /* Assets.xcassets */ = {isa = PBXFileReference; lastKnownFileType = folder.assetcatalog; path = Assets.xcassets; sourceTree = "<group>"; };
		7BB618302A671A490097A3AD /* Preview Assets.xcassets */ = {isa = PBXFileReference; lastKnownFileType = folder.assetcatalog; path = "Preview Assets.xcassets"; sourceTree = "<group>"; };
		7BE19E072A7C1FE20086DA10 /* TabBarView.swift */ = {isa = PBXFileReference; lastKnownFileType = sourcecode.swift; path = TabBarView.swift; sourceTree = "<group>"; };
		7BE19E092A7C206B0086DA10 /* PlayingView.swift */ = {isa = PBXFileReference; lastKnownFileType = sourcecode.swift; path = PlayingView.swift; sourceTree = "<group>"; };
		7BE19E0B2A7C25770086DA10 /* EnterChampionshipView.swift */ = {isa = PBXFileReference; lastKnownFileType = sourcecode.swift; path = EnterChampionshipView.swift; sourceTree = "<group>"; };
		7BE19E0D2A7C2FE30086DA10 /* CustomNumericalKeyboardView.swift */ = {isa = PBXFileReference; lastKnownFileType = sourcecode.swift; path = CustomNumericalKeyboardView.swift; sourceTree = "<group>"; };
		7BE19E0F2A7C301A0086DA10 /* CustomTF.swift */ = {isa = PBXFileReference; lastKnownFileType = sourcecode.swift; path = CustomTF.swift; sourceTree = "<group>"; };
		7BE19E112A7C39C70086DA10 /* EnterChampionshipDetailsView.swift */ = {isa = PBXFileReference; lastKnownFileType = sourcecode.swift; path = EnterChampionshipDetailsView.swift; sourceTree = "<group>"; };
		7BE19E132A7C4A810086DA10 /* ChampionshipDetailsView.swift */ = {isa = PBXFileReference; lastKnownFileType = sourcecode.swift; path = ChampionshipDetailsView.swift; sourceTree = "<group>"; };
		7BE19E152A7C65F20086DA10 /* ChampionshipRow.swift */ = {isa = PBXFileReference; lastKnownFileType = sourcecode.swift; path = ChampionshipRow.swift; sourceTree = "<group>"; };
		7BE19E182A7D779B0086DA10 /* CloudKitUserBootcamp.swift */ = {isa = PBXFileReference; lastKnownFileType = sourcecode.swift; path = CloudKitUserBootcamp.swift; sourceTree = "<group>"; };
		7BE19E1A2A7D77C00086DA10 /* CloudKitCrudBootcamp.swift */ = {isa = PBXFileReference; lastKnownFileType = sourcecode.swift; path = CloudKitCrudBootcamp.swift; sourceTree = "<group>"; };
		7BE19E1C2A7D77FF0086DA10 /* CloudKitPushNotificationBootcamp.swift */ = {isa = PBXFileReference; lastKnownFileType = sourcecode.swift; path = CloudKitPushNotificationBootcamp.swift; sourceTree = "<group>"; };
		7BE19E1E2A7D781A0086DA10 /* CloudKitUtility.swift */ = {isa = PBXFileReference; lastKnownFileType = sourcecode.swift; path = CloudKitUtility.swift; sourceTree = "<group>"; };
		7BE19E202A7D7D060086DA10 /* BeachTennis.entitlements */ = {isa = PBXFileReference; lastKnownFileType = text.plist.entitlements; path = BeachTennis.entitlements; sourceTree = "<group>"; };
		CE1447AC2A784FA200242F3D /* TournamentTypes.swift */ = {isa = PBXFileReference; lastKnownFileType = sourcecode.swift; path = TournamentTypes.swift; sourceTree = "<group>"; };
		CE1447AE2A797B7600242F3D /* GameState.swift */ = {isa = PBXFileReference; lastKnownFileType = sourcecode.swift; path = GameState.swift; sourceTree = "<group>"; };
		CE1447B32A81831800242F3D /* PlayerCell.swift */ = {isa = PBXFileReference; lastKnownFileType = sourcecode.swift; path = PlayerCell.swift; sourceTree = "<group>"; };
		CE509F632A6EFF2200E65ECE /* Tournament.swift */ = {isa = PBXFileReference; lastKnownFileType = sourcecode.swift; path = Tournament.swift; sourceTree = "<group>"; };
		CE509F652A6F042100E65ECE /* User.swift */ = {isa = PBXFileReference; lastKnownFileType = sourcecode.swift; path = User.swift; sourceTree = "<group>"; };
		CE509F672A6F056100E65ECE /* Node.swift */ = {isa = PBXFileReference; lastKnownFileType = sourcecode.swift; path = Node.swift; sourceTree = "<group>"; };
		CE509F692A6F097400E65ECE /* Court.swift */ = {isa = PBXFileReference; lastKnownFileType = sourcecode.swift; path = Court.swift; sourceTree = "<group>"; };
		CEE1D2C82A744AA40074F383 /* Team.swift */ = {isa = PBXFileReference; lastKnownFileType = sourcecode.swift; path = Team.swift; sourceTree = "<group>"; };
/* End PBXFileReference section */

/* Begin PBXFrameworksBuildPhase section */
		7BB618232A671A480097A3AD /* Frameworks */ = {
			isa = PBXFrameworksBuildPhase;
			buildActionMask = 2147483647;
			files = (
				CEE1D2C32A71980B0074F383 /* Collections in Frameworks */,
				CEE1D2C52A71980B0074F383 /* DequeModule in Frameworks */,
				CEE1D2C72A71980B0074F383 /* OrderedCollections in Frameworks */,
			);
			runOnlyForDeploymentPostprocessing = 0;
		};
/* End PBXFrameworksBuildPhase section */

/* Begin PBXGroup section */
		6F6DC8272A74308A0052F9E3 /* Screens */ = {
			isa = PBXGroup;
			children = (
				6F6DC8342A7D332C0052F9E3 /* AddPlayersView.swift */,
				6F6DC8322A7D20550052F9E3 /* ChampInfoView.swift */,
				6F6DC82C2A7976B60052F9E3 /* Created.swift */,
				6F6DC82A2A7437190052F9E3 /* CreateChamp.swift */,
				6F6DC8282A7430C80052F9E3 /* Managing.swift */,
				7BE19E072A7C1FE20086DA10 /* TabBarView.swift */,
				7BE19E092A7C206B0086DA10 /* PlayingView.swift */,
				7BE19E0B2A7C25770086DA10 /* EnterChampionshipView.swift */,
				7BE19E112A7C39C70086DA10 /* EnterChampionshipDetailsView.swift */,
				7BE19E0D2A7C2FE30086DA10 /* CustomNumericalKeyboardView.swift */,
				7BE19E0F2A7C301A0086DA10 /* CustomTF.swift */,
				7BE19E132A7C4A810086DA10 /* ChampionshipDetailsView.swift */,
				7BE19E152A7C65F20086DA10 /* ChampionshipRow.swift */,
				CE1447B32A81831800242F3D /* PlayerCell.swift */,
			);
			path = Screens;
			sourceTree = "<group>";
		};
		7BB6181D2A671A480097A3AD = {
			isa = PBXGroup;
			children = (
				CE1447B02A8170DC00242F3D /* BackEnd */,
				7BB618282A671A480097A3AD /* BeachTennis */,
				7BB618272A671A480097A3AD /* Products */,
			);
			sourceTree = "<group>";
		};
		7BB618272A671A480097A3AD /* Products */ = {
			isa = PBXGroup;
			children = (
				7BB618262A671A480097A3AD /* BeachTennis.app */,
			);
			name = Products;
			sourceTree = "<group>";
		};
		7BB618282A671A480097A3AD /* BeachTennis */ = {
			isa = PBXGroup;
			children = (
				7BE19E202A7D7D060086DA10 /* BeachTennis.entitlements */,
				7BE19E172A7D76950086DA10 /* CloudKitBootcamps */,
				6F6DC8272A74308A0052F9E3 /* Screens */,
				6F6DC8232A7305E00052F9E3 /* PhotoPicker.swift */,
				7BB618292A671A480097A3AD /* BeachTennisApp.swift */,
				7BB6182B2A671A480097A3AD /* ContentView.swift */,
				7BB6182D2A671A490097A3AD /* Assets.xcassets */,
				7BB6182F2A671A490097A3AD /* Preview Content */,
			);
			path = BeachTennis;
			sourceTree = "<group>";
		};
		7BB6182F2A671A490097A3AD /* Preview Content */ = {
			isa = PBXGroup;
			children = (
				7BB618302A671A490097A3AD /* Preview Assets.xcassets */,
			);
			path = "Preview Content";
			sourceTree = "<group>";
		};
		7BE19E172A7D76950086DA10 /* CloudKitBootcamps */ = {
			isa = PBXGroup;
			children = (
				7BE19E182A7D779B0086DA10 /* CloudKitUserBootcamp.swift */,
				7BE19E1A2A7D77C00086DA10 /* CloudKitCrudBootcamp.swift */,
				7BE19E1C2A7D77FF0086DA10 /* CloudKitPushNotificationBootcamp.swift */,
				7BE19E1E2A7D781A0086DA10 /* CloudKitUtility.swift */,
			);
			path = CloudKitBootcamps;
			sourceTree = "<group>";
		};
		CE1447B02A8170DC00242F3D /* BackEnd */ = {
			isa = PBXGroup;
			children = (
				CE1447AC2A784FA200242F3D /* TournamentTypes.swift */,
				CE1447AE2A797B7600242F3D /* GameState.swift */,
				CE509F652A6F042100E65ECE /* User.swift */,
				CE509F632A6EFF2200E65ECE /* Tournament.swift */,
				CEE1D2C82A744AA40074F383 /* Team.swift */,
				CE509F672A6F056100E65ECE /* Node.swift */,
				CE509F692A6F097400E65ECE /* Court.swift */,
			);
			path = BackEnd;
			sourceTree = "<group>";
		};
/* End PBXGroup section */

/* Begin PBXNativeTarget section */
		7BB618252A671A480097A3AD /* BeachTennis */ = {
			isa = PBXNativeTarget;
			buildConfigurationList = 7BB618342A671A490097A3AD /* Build configuration list for PBXNativeTarget "BeachTennis" */;
			buildPhases = (
				7BB618222A671A480097A3AD /* Sources */,
				7BB618232A671A480097A3AD /* Frameworks */,
				7BB618242A671A480097A3AD /* Resources */,
			);
			buildRules = (
			);
			dependencies = (
			);
			name = BeachTennis;
			packageProductDependencies = (
				CEE1D2C22A71980B0074F383 /* Collections */,
				CEE1D2C42A71980B0074F383 /* DequeModule */,
				CEE1D2C62A71980B0074F383 /* OrderedCollections */,
			);
			productName = BeachTennis;
			productReference = 7BB618262A671A480097A3AD /* BeachTennis.app */;
			productType = "com.apple.product-type.application";
		};
/* End PBXNativeTarget section */

/* Begin PBXProject section */
		7BB6181E2A671A480097A3AD /* Project object */ = {
			isa = PBXProject;
			attributes = {
				BuildIndependentTargetsInParallel = 1;
				LastSwiftUpdateCheck = 1430;
				LastUpgradeCheck = 1430;
				TargetAttributes = {
					7BB618252A671A480097A3AD = {
						CreatedOnToolsVersion = 14.3;
					};
				};
			};
			buildConfigurationList = 7BB618212A671A480097A3AD /* Build configuration list for PBXProject "BeachTennis" */;
			compatibilityVersion = "Xcode 14.0";
			developmentRegion = en;
			hasScannedForEncodings = 0;
			knownRegions = (
				en,
				Base,
			);
			mainGroup = 7BB6181D2A671A480097A3AD;
			packageReferences = (
				CEE1D2C12A71980B0074F383 /* XCRemoteSwiftPackageReference "swift-collections" */,
			);
			productRefGroup = 7BB618272A671A480097A3AD /* Products */;
			projectDirPath = "";
			projectRoot = "";
			targets = (
				7BB618252A671A480097A3AD /* BeachTennis */,
			);
		};
/* End PBXProject section */

/* Begin PBXResourcesBuildPhase section */
		7BB618242A671A480097A3AD /* Resources */ = {
			isa = PBXResourcesBuildPhase;
			buildActionMask = 2147483647;
			files = (
				7BB618312A671A490097A3AD /* Preview Assets.xcassets in Resources */,
				7BB6182E2A671A490097A3AD /* Assets.xcassets in Resources */,
			);
			runOnlyForDeploymentPostprocessing = 0;
		};
/* End PBXResourcesBuildPhase section */

/* Begin PBXSourcesBuildPhase section */
		7BB618222A671A480097A3AD /* Sources */ = {
			isa = PBXSourcesBuildPhase;
			buildActionMask = 2147483647;
			files = (
				CEE1D2C92A744AA40074F383 /* Team.swift in Sources */,
				CE509F662A6F042100E65ECE /* User.swift in Sources */,
				7BE19E082A7C1FE20086DA10 /* TabBarView.swift in Sources */,
				7BE19E142A7C4A810086DA10 /* ChampionshipDetailsView.swift in Sources */,
				7BE19E0A2A7C206B0086DA10 /* PlayingView.swift in Sources */,
				CE1447AD2A784FA200242F3D /* TournamentTypes.swift in Sources */,
				6F6DC8242A7305E00052F9E3 /* PhotoPicker.swift in Sources */,
				6F6DC82D2A7976B60052F9E3 /* Created.swift in Sources */,
				7BE19E192A7D779C0086DA10 /* CloudKitUserBootcamp.swift in Sources */,
				CE509F682A6F056100E65ECE /* Node.swift in Sources */,
				7BE19E122A7C39C70086DA10 /* EnterChampionshipDetailsView.swift in Sources */,
				7BE19E0C2A7C25770086DA10 /* EnterChampionshipView.swift in Sources */,
				6F6DC8292A7430C80052F9E3 /* Managing.swift in Sources */,
				6F6DC8332A7D20550052F9E3 /* ChampInfoView.swift in Sources */,
				7BE19E102A7C301A0086DA10 /* CustomTF.swift in Sources */,
				7BE19E0E2A7C2FE30086DA10 /* CustomNumericalKeyboardView.swift in Sources */,
				CE1447B42A81831800242F3D /* PlayerCell.swift in Sources */,
				7BE19E1B2A7D77C00086DA10 /* CloudKitCrudBootcamp.swift in Sources */,
				CE509F642A6EFF2200E65ECE /* Tournament.swift in Sources */,
				6F6DC82B2A7437190052F9E3 /* CreateChamp.swift in Sources */,
				7BB6182C2A671A480097A3AD /* ContentView.swift in Sources */,
				CE1447AF2A797B7600242F3D /* GameState.swift in Sources */,
				6F6DC8352A7D332C0052F9E3 /* AddPlayersView.swift in Sources */,
				7BE19E1F2A7D781A0086DA10 /* CloudKitUtility.swift in Sources */,
				7BB6182A2A671A480097A3AD /* BeachTennisApp.swift in Sources */,
				CE509F6A2A6F097400E65ECE /* Court.swift in Sources */,
				7BE19E1D2A7D77FF0086DA10 /* CloudKitPushNotificationBootcamp.swift in Sources */,
				7BE19E162A7C65F20086DA10 /* ChampionshipRow.swift in Sources */,
			);
			runOnlyForDeploymentPostprocessing = 0;
		};
/* End PBXSourcesBuildPhase section */

/* Begin XCBuildConfiguration section */
		7BB618322A671A490097A3AD /* Debug */ = {
			isa = XCBuildConfiguration;
			buildSettings = {
				ALWAYS_SEARCH_USER_PATHS = NO;
				CLANG_ANALYZER_NONNULL = YES;
				CLANG_ANALYZER_NUMBER_OBJECT_CONVERSION = YES_AGGRESSIVE;
				CLANG_CXX_LANGUAGE_STANDARD = "gnu++20";
				CLANG_ENABLE_MODULES = YES;
				CLANG_ENABLE_OBJC_ARC = YES;
				CLANG_ENABLE_OBJC_WEAK = YES;
				CLANG_WARN_BLOCK_CAPTURE_AUTORELEASING = YES;
				CLANG_WARN_BOOL_CONVERSION = YES;
				CLANG_WARN_COMMA = YES;
				CLANG_WARN_CONSTANT_CONVERSION = YES;
				CLANG_WARN_DEPRECATED_OBJC_IMPLEMENTATIONS = YES;
				CLANG_WARN_DIRECT_OBJC_ISA_USAGE = YES_ERROR;
				CLANG_WARN_DOCUMENTATION_COMMENTS = YES;
				CLANG_WARN_EMPTY_BODY = YES;
				CLANG_WARN_ENUM_CONVERSION = YES;
				CLANG_WARN_INFINITE_RECURSION = YES;
				CLANG_WARN_INT_CONVERSION = YES;
				CLANG_WARN_NON_LITERAL_NULL_CONVERSION = YES;
				CLANG_WARN_OBJC_IMPLICIT_RETAIN_SELF = YES;
				CLANG_WARN_OBJC_LITERAL_CONVERSION = YES;
				CLANG_WARN_OBJC_ROOT_CLASS = YES_ERROR;
				CLANG_WARN_QUOTED_INCLUDE_IN_FRAMEWORK_HEADER = YES;
				CLANG_WARN_RANGE_LOOP_ANALYSIS = YES;
				CLANG_WARN_STRICT_PROTOTYPES = YES;
				CLANG_WARN_SUSPICIOUS_MOVE = YES;
				CLANG_WARN_UNGUARDED_AVAILABILITY = YES_AGGRESSIVE;
				CLANG_WARN_UNREACHABLE_CODE = YES;
				CLANG_WARN__DUPLICATE_METHOD_MATCH = YES;
				COPY_PHASE_STRIP = NO;
				DEBUG_INFORMATION_FORMAT = dwarf;
				ENABLE_STRICT_OBJC_MSGSEND = YES;
				ENABLE_TESTABILITY = YES;
				GCC_C_LANGUAGE_STANDARD = gnu11;
				GCC_DYNAMIC_NO_PIC = NO;
				GCC_NO_COMMON_BLOCKS = YES;
				GCC_OPTIMIZATION_LEVEL = 0;
				GCC_PREPROCESSOR_DEFINITIONS = (
					"DEBUG=1",
					"$(inherited)",
				);
				GCC_WARN_64_TO_32_BIT_CONVERSION = YES;
				GCC_WARN_ABOUT_RETURN_TYPE = YES_ERROR;
				GCC_WARN_UNDECLARED_SELECTOR = YES;
				GCC_WARN_UNINITIALIZED_AUTOS = YES_AGGRESSIVE;
				GCC_WARN_UNUSED_FUNCTION = YES;
				GCC_WARN_UNUSED_VARIABLE = YES;
				IPHONEOS_DEPLOYMENT_TARGET = 16.4;
				MTL_ENABLE_DEBUG_INFO = INCLUDE_SOURCE;
				MTL_FAST_MATH = YES;
				ONLY_ACTIVE_ARCH = YES;
				SDKROOT = iphoneos;
				SWIFT_ACTIVE_COMPILATION_CONDITIONS = DEBUG;
				SWIFT_OPTIMIZATION_LEVEL = "-Onone";
			};
			name = Debug;
		};
		7BB618332A671A490097A3AD /* Release */ = {
			isa = XCBuildConfiguration;
			buildSettings = {
				ALWAYS_SEARCH_USER_PATHS = NO;
				CLANG_ANALYZER_NONNULL = YES;
				CLANG_ANALYZER_NUMBER_OBJECT_CONVERSION = YES_AGGRESSIVE;
				CLANG_CXX_LANGUAGE_STANDARD = "gnu++20";
				CLANG_ENABLE_MODULES = YES;
				CLANG_ENABLE_OBJC_ARC = YES;
				CLANG_ENABLE_OBJC_WEAK = YES;
				CLANG_WARN_BLOCK_CAPTURE_AUTORELEASING = YES;
				CLANG_WARN_BOOL_CONVERSION = YES;
				CLANG_WARN_COMMA = YES;
				CLANG_WARN_CONSTANT_CONVERSION = YES;
				CLANG_WARN_DEPRECATED_OBJC_IMPLEMENTATIONS = YES;
				CLANG_WARN_DIRECT_OBJC_ISA_USAGE = YES_ERROR;
				CLANG_WARN_DOCUMENTATION_COMMENTS = YES;
				CLANG_WARN_EMPTY_BODY = YES;
				CLANG_WARN_ENUM_CONVERSION = YES;
				CLANG_WARN_INFINITE_RECURSION = YES;
				CLANG_WARN_INT_CONVERSION = YES;
				CLANG_WARN_NON_LITERAL_NULL_CONVERSION = YES;
				CLANG_WARN_OBJC_IMPLICIT_RETAIN_SELF = YES;
				CLANG_WARN_OBJC_LITERAL_CONVERSION = YES;
				CLANG_WARN_OBJC_ROOT_CLASS = YES_ERROR;
				CLANG_WARN_QUOTED_INCLUDE_IN_FRAMEWORK_HEADER = YES;
				CLANG_WARN_RANGE_LOOP_ANALYSIS = YES;
				CLANG_WARN_STRICT_PROTOTYPES = YES;
				CLANG_WARN_SUSPICIOUS_MOVE = YES;
				CLANG_WARN_UNGUARDED_AVAILABILITY = YES_AGGRESSIVE;
				CLANG_WARN_UNREACHABLE_CODE = YES;
				CLANG_WARN__DUPLICATE_METHOD_MATCH = YES;
				COPY_PHASE_STRIP = NO;
				DEBUG_INFORMATION_FORMAT = "dwarf-with-dsym";
				ENABLE_NS_ASSERTIONS = NO;
				ENABLE_STRICT_OBJC_MSGSEND = YES;
				GCC_C_LANGUAGE_STANDARD = gnu11;
				GCC_NO_COMMON_BLOCKS = YES;
				GCC_WARN_64_TO_32_BIT_CONVERSION = YES;
				GCC_WARN_ABOUT_RETURN_TYPE = YES_ERROR;
				GCC_WARN_UNDECLARED_SELECTOR = YES;
				GCC_WARN_UNINITIALIZED_AUTOS = YES_AGGRESSIVE;
				GCC_WARN_UNUSED_FUNCTION = YES;
				GCC_WARN_UNUSED_VARIABLE = YES;
				IPHONEOS_DEPLOYMENT_TARGET = 16.4;
				MTL_ENABLE_DEBUG_INFO = NO;
				MTL_FAST_MATH = YES;
				SDKROOT = iphoneos;
				SWIFT_COMPILATION_MODE = wholemodule;
				SWIFT_OPTIMIZATION_LEVEL = "-O";
				VALIDATE_PRODUCT = YES;
			};
			name = Release;
		};
		7BB618352A671A490097A3AD /* Debug */ = {
			isa = XCBuildConfiguration;
			buildSettings = {
				ASSETCATALOG_COMPILER_APPICON_NAME = AppIcon;
				ASSETCATALOG_COMPILER_GLOBAL_ACCENT_COLOR_NAME = AccentColor;
				CODE_SIGN_ENTITLEMENTS = BeachTennis/BeachTennis.entitlements;
				"CODE_SIGN_IDENTITY[sdk=iphoneos*]" = "iPhone Developer";
				CODE_SIGN_STYLE = Manual;
				CURRENT_PROJECT_VERSION = 1;
				DEVELOPMENT_ASSET_PATHS = "\"BeachTennis/Preview Content\"";
				DEVELOPMENT_TEAM = "";
				"DEVELOPMENT_TEAM[sdk=iphoneos*]" = RU3T8G764D;
				ENABLE_PREVIEWS = YES;
				GENERATE_INFOPLIST_FILE = YES;
				INFOPLIST_KEY_UIApplicationSceneManifest_Generation = YES;
				INFOPLIST_KEY_UIApplicationSupportsIndirectInputEvents = YES;
				INFOPLIST_KEY_UILaunchScreen_Generation = YES;
				INFOPLIST_KEY_UISupportedInterfaceOrientations_iPad = "UIInterfaceOrientationPortrait UIInterfaceOrientationPortraitUpsideDown UIInterfaceOrientationLandscapeLeft UIInterfaceOrientationLandscapeRight";
				INFOPLIST_KEY_UISupportedInterfaceOrientations_iPhone = "UIInterfaceOrientationPortrait UIInterfaceOrientationLandscapeLeft UIInterfaceOrientationLandscapeRight";
				LD_RUNPATH_SEARCH_PATHS = (
					"$(inherited)",
					"@executable_path/Frameworks",
				);
				MARKETING_VERSION = 1.0;
				PRODUCT_BUNDLE_IDENTIFIER = com.ThiagoDefini.BeachTennis;
				PRODUCT_NAME = "$(TARGET_NAME)";
				PROVISIONING_PROFILE_SPECIFIER = "";
				"PROVISIONING_PROFILE_SPECIFIER[sdk=iphoneos*]" = "Beach Tennis Profile";
				SWIFT_EMIT_LOC_STRINGS = YES;
				SWIFT_VERSION = 5.0;
				TARGETED_DEVICE_FAMILY = "1,2";
			};
			name = Debug;
		};
		7BB618362A671A490097A3AD /* Release */ = {
			isa = XCBuildConfiguration;
			buildSettings = {
				ASSETCATALOG_COMPILER_APPICON_NAME = AppIcon;
				ASSETCATALOG_COMPILER_GLOBAL_ACCENT_COLOR_NAME = AccentColor;
				CODE_SIGN_ENTITLEMENTS = BeachTennis/BeachTennis.entitlements;
				"CODE_SIGN_IDENTITY[sdk=iphoneos*]" = "iPhone Developer";
				CODE_SIGN_STYLE = Manual;
				CURRENT_PROJECT_VERSION = 1;
				DEVELOPMENT_ASSET_PATHS = "\"BeachTennis/Preview Content\"";
				DEVELOPMENT_TEAM = "";
				"DEVELOPMENT_TEAM[sdk=iphoneos*]" = RU3T8G764D;
				ENABLE_PREVIEWS = YES;
				GENERATE_INFOPLIST_FILE = YES;
				INFOPLIST_KEY_UIApplicationSceneManifest_Generation = YES;
				INFOPLIST_KEY_UIApplicationSupportsIndirectInputEvents = YES;
				INFOPLIST_KEY_UILaunchScreen_Generation = YES;
				INFOPLIST_KEY_UISupportedInterfaceOrientations_iPad = "UIInterfaceOrientationPortrait UIInterfaceOrientationPortraitUpsideDown UIInterfaceOrientationLandscapeLeft UIInterfaceOrientationLandscapeRight";
				INFOPLIST_KEY_UISupportedInterfaceOrientations_iPhone = "UIInterfaceOrientationPortrait UIInterfaceOrientationLandscapeLeft UIInterfaceOrientationLandscapeRight";
				LD_RUNPATH_SEARCH_PATHS = (
					"$(inherited)",
					"@executable_path/Frameworks",
				);
				MARKETING_VERSION = 1.0;
				PRODUCT_BUNDLE_IDENTIFIER = com.ThiagoDefini.BeachTennis;
				PRODUCT_NAME = "$(TARGET_NAME)";
				PROVISIONING_PROFILE_SPECIFIER = "";
				"PROVISIONING_PROFILE_SPECIFIER[sdk=iphoneos*]" = "Beach Tennis Profile";
				SWIFT_EMIT_LOC_STRINGS = YES;
				SWIFT_VERSION = 5.0;
				TARGETED_DEVICE_FAMILY = "1,2";
			};
			name = Release;
		};
/* End XCBuildConfiguration section */

/* Begin XCConfigurationList section */
		7BB618212A671A480097A3AD /* Build configuration list for PBXProject "BeachTennis" */ = {
			isa = XCConfigurationList;
			buildConfigurations = (
				7BB618322A671A490097A3AD /* Debug */,
				7BB618332A671A490097A3AD /* Release */,
			);
			defaultConfigurationIsVisible = 0;
			defaultConfigurationName = Release;
		};
		7BB618342A671A490097A3AD /* Build configuration list for PBXNativeTarget "BeachTennis" */ = {
			isa = XCConfigurationList;
			buildConfigurations = (
				7BB618352A671A490097A3AD /* Debug */,
				7BB618362A671A490097A3AD /* Release */,
			);
			defaultConfigurationIsVisible = 0;
			defaultConfigurationName = Release;
		};
/* End XCConfigurationList section */

/* Begin XCRemoteSwiftPackageReference section */
		CEE1D2C12A71980B0074F383 /* XCRemoteSwiftPackageReference "swift-collections" */ = {
			isa = XCRemoteSwiftPackageReference;
			repositoryURL = "https://github.com/apple/swift-collections.git";
			requirement = {
				kind = upToNextMinorVersion;
				minimumVersion = 1.0.0;
			};
		};
/* End XCRemoteSwiftPackageReference section */

/* Begin XCSwiftPackageProductDependency section */
		CEE1D2C22A71980B0074F383 /* Collections */ = {
			isa = XCSwiftPackageProductDependency;
			package = CEE1D2C12A71980B0074F383 /* XCRemoteSwiftPackageReference "swift-collections" */;
			productName = Collections;
		};
		CEE1D2C42A71980B0074F383 /* DequeModule */ = {
			isa = XCSwiftPackageProductDependency;
			package = CEE1D2C12A71980B0074F383 /* XCRemoteSwiftPackageReference "swift-collections" */;
			productName = DequeModule;
		};
		CEE1D2C62A71980B0074F383 /* OrderedCollections */ = {
			isa = XCSwiftPackageProductDependency;
			package = CEE1D2C12A71980B0074F383 /* XCRemoteSwiftPackageReference "swift-collections" */;
			productName = OrderedCollections;
		};
/* End XCSwiftPackageProductDependency section */
	};
	rootObject = 7BB6181E2A671A480097A3AD /* Project object */;
}
